
Microsoft Visual Studio Solution File, Format Version 12.00
# Visual Studio Version 17
VisualStudioVersion = 17.3.32811.315
MinimumVisualStudioVersion = 10.0.40219.1
Project("{9A19103F-16F7-4668-BE54-9A1E7A4F7556}") = "CSharpAssignment", "CSharpAssignment\CSharpAssignment.csproj", "{66166BB8-4633-4FA0-BC22-22C553CBC123}"
EndProject
Project("{FAE04EC0-301F-11D3-BF4B-00C04F79EFBC}") = "8-Aug-2022-1stDay-assignment", "8-Aug-2022-1stDay-assignment\8-Aug-2022-1stDay-assignment.csproj", "{85796505-0D3F-48FD-B771-9984DB7ECC5A}"
EndProject
Project("{2150E333-8FDC-42A3-9474-1A3956D46DE8}") = "Solution Items", "Solution Items", "{B6A6E3FE-FEA9-4EFB-ADCE-C9922ED8A30B}"
	ProjectSection(SolutionItems) = preProject
		readme.md = readme.md
	EndProjectSection
EndProject
Global
	GlobalSection(SolutionConfigurationPlatforms) = preSolution
		Debug|Any CPU = Debug|Any CPU
		Release|Any CPU = Release|Any CPU
	EndGlobalSection
	GlobalSection(ProjectConfigurationPlatforms) = postSolution
		{66166BB8-4633-4FA0-BC22-22C553CBC123}.Debug|Any CPU.ActiveCfg = Debug|Any CPU
		{66166BB8-4633-4FA0-BC22-22C553CBC123}.Debug|Any CPU.Build.0 = Debug|Any CPU
		{66166BB8-4633-4FA0-BC22-22C553CBC123}.Release|Any CPU.ActiveCfg = Release|Any CPU
		{66166BB8-4633-4FA0-BC22-22C553CBC123}.Release|Any CPU.Build.0 = Release|Any CPU
		{85796505-0D3F-48FD-B771-9984DB7ECC5A}.Debug|Any CPU.ActiveCfg = Debug|Any CPU
		{85796505-0D3F-48FD-B771-9984DB7ECC5A}.Debug|Any CPU.Build.0 = Debug|Any CPU
		{85796505-0D3F-48FD-B771-9984DB7ECC5A}.Release|Any CPU.ActiveCfg = Release|Any CPU
		{85796505-0D3F-48FD-B771-9984DB7ECC5A}.Release|Any CPU.Build.0 = Release|Any CPU
	EndGlobalSection
	GlobalSection(SolutionProperties) = preSolution
		HideSolutionNode = FALSE
	EndGlobalSection
	GlobalSection(ExtensibilityGlobals) = postSolution
		SolutionGuid = {1217FBD6-07F0-41D6-AC5C-7CFB5FC130F4}
	EndGlobalSection
EndGlobal
